
Microsoft Visual Studio Solution File, Format Version 12.00
# Visual Studio 15
VisualStudioVersion = 15.0.27428.2027
MinimumVisualStudioVersion = 10.0.40219.1
Project("{FAE04EC0-301F-11D3-BF4B-00C04F79EFBC}") = "Carterestt", "Carterestt\Carterestt.csproj", "{370CB1E7-8F35-49E6-921D-2831C2D24944}"
EndProject
Project("{FAE04EC0-301F-11D3-BF4B-00C04F79EFBC}") = "Data", "Data\Data.csproj", "{CFB12FFA-4C5F-4211-8941-67C96D9A9D29}"
EndProject
Global
	GlobalSection(SolutionConfigurationPlatforms) = preSolution
		Debug|Any CPU = Debug|Any CPU
		Release|Any CPU = Release|Any CPU
	EndGlobalSection
	GlobalSection(ProjectConfigurationPlatforms) = postSolution
		{370CB1E7-8F35-49E6-921D-2831C2D24944}.Debug|Any CPU.ActiveCfg = Debug|Any CPU
		{370CB1E7-8F35-49E6-921D-2831C2D24944}.Debug|Any CPU.Build.0 = Debug|Any CPU
		{370CB1E7-8F35-49E6-921D-2831C2D24944}.Release|Any CPU.ActiveCfg = Release|Any CPU
		{370CB1E7-8F35-49E6-921D-2831C2D24944}.Release|Any CPU.Build.0 = Release|Any CPU
		{CFB12FFA-4C5F-4211-8941-67C96D9A9D29}.Debug|Any CPU.ActiveCfg = Debug|Any CPU
		{CFB12FFA-4C5F-4211-8941-67C96D9A9D29}.Debug|Any CPU.Build.0 = Debug|Any CPU
		{CFB12FFA-4C5F-4211-8941-67C96D9A9D29}.Release|Any CPU.ActiveCfg = Release|Any CPU
		{CFB12FFA-4C5F-4211-8941-67C96D9A9D29}.Release|Any CPU.Build.0 = Release|Any CPU
	EndGlobalSection
	GlobalSection(SolutionProperties) = preSolution
		HideSolutionNode = FALSE
	EndGlobalSection
	GlobalSection(ExtensibilityGlobals) = postSolution
		SolutionGuid = {DE652085-61AC-45B9-8AF1-469B9846CB3C}
	EndGlobalSection
EndGlobal
